hash: 2e4577e7d1e61150475fb748f120892d37e108178ab79b63290bfc8f4bf92c48
updated: 2019-01-29T13:20:22.651669-07:00
imports:
- name: github.com/armon/go-metrics
  version: f0300d1749da6fa982027e449ec0c7a145510c3c
- name: github.com/beorn7/perks
  version: 3a771d992973f24aa725d07868b467d1ddfceafb
  subpackages:
  - quantile
- name: github.com/billhathaway/consistentHash
  version: addea16d2229dba874111898b45be7f4a78af631
- name: github.com/c9s/goprocinfo
  version: 19cb9f127a9c8d2034cf59ccb683cdb94b9deb6c
  subpackages:
  - linux
- name: github.com/Comcast/golang-money
  version: bb29fa5ad0b1e2a305eb47960206bd9a3e534097
  repo: git@github.com:githubsands/golang-money.git
- name: github.com/Comcast/webpa-common
  version: f58ee1410b29a341c099462e4a9423d77241cfd5
  repo: git@github.com:githubsands/webpa-common.git
  subpackages:
  - capacitor
  - clock
  - concurrent
  - convey
  - convey/conveyhttp
  - convey/conveymetric
  - device
  - device/devicehealth
  - device/drain
  - device/rehasher
  - event
  - health
  - logging
  - logging/logginghttp
  - resource
  - secure
  - secure/handler
  - secure/key
  - server
  - service
  - service/consul
  - service/monitor
  - service/servicecfg
  - service/servicehttp
  - service/zk
  - types
  - wrp
  - xhttp
  - xhttp/converter
  - xhttp/gate
  - xhttp/xcontext
  - xhttp/xfilter
  - xlistener
  - xmetrics
  - xviper
- name: github.com/davecgh/go-spew
  version: d8f796af33cc11cb798c1aaeb27a4ebc5099927d
  subpackages:
  - spew
- name: github.com/fsnotify/fsnotify
  version: ccc981bf80385c528a65fbfdd49bf2d8da22aa23
- name: github.com/go-kit/kit
  version: 12210fb6ace19e0496167bb3e667dcd91fa9f69b
  subpackages:
  - endpoint
  - log
  - log/level
  - metrics
  - metrics/discard
  - metrics/dogstatsd
  - metrics/expvar
  - metrics/generic
  - metrics/graphite
  - metrics/influx
  - metrics/internal/lv
  - metrics/internal/ratemap
  - metrics/prometheus
  - metrics/provider
  - metrics/statsd
  - sd
  - sd/consul
  - sd/internal/instance
  - sd/zk
  - transport/http
  - util/conn
- name: github.com/go-logfmt/logfmt
  version: 390ab7935ee28ec6b286364bba9b4dd6410cb3d5
- name: github.com/golang/protobuf
  version: 347cf4a86c1cb8d262994d8ef5924d4576c5b331
  subpackages:
  - proto
- name: github.com/gorilla/context
  version: 51ce91d2eaddeca0ef29a71d766bb3634dadf729
- name: github.com/gorilla/mux
  version: 53c1911da2b537f792e7cafcb446b05ffe33b996
- name: github.com/gorilla/schema
  version: 1618f054dd18851e32b8cd7db39aef6bdb4338e6
- name: github.com/gorilla/websocket
  version: ea4d1f681babbce9545c9c5f3d5194a789c89f5b
- name: github.com/hashicorp/consul
  version: 9a494b5fb9c86180a5702e29c485df1507a47198
  subpackages:
  - api
- name: github.com/hashicorp/go-cleanhttp
  version: e8ab9daed8d1ddd2d3c4efba338fe2eeae2e4f18
- name: github.com/hashicorp/go-immutable-radix
  version: 27df80928bb34bb1b0d6d0e01b9e679902e7a6b5
- name: github.com/hashicorp/go-rootcerts
  version: 63503fb4e1eca22f9ae0f90b49c5d5538a0e87eb
- name: github.com/hashicorp/golang-lru
  version: 20f1fb78b0740ba8c3cb143a61e86ba5c8669768
  subpackages:
  - simplelru
- name: github.com/hashicorp/hcl
  version: 65a6292f0157eff210d03ed1bf6c59b190b8b906
  subpackages:
  - hcl/ast
  - hcl/parser
  - hcl/scanner
  - hcl/strconv
  - hcl/token
  - json/parser
  - json/scanner
  - json/token
- name: github.com/hashicorp/serf
  version: b89a09ebd4b1b570e0076d5097272e67c10ac4f6
  subpackages:
  - coordinate
- name: github.com/influxdata/influxdb
  version: de58584ce723da61d6cce6c4b92131143c06eea4
  subpackages:
  - client/v2
  - models
  - pkg/escape
- name: github.com/jtacoma/uritemplates
  version: 307ae868f90f4ee1b73ebe4596e0394237dacce8
- name: github.com/justinas/alice
  version: 03f45bd4b7dad4734bc4620e46a35789349abb20
- name: github.com/kr/logfmt
  version: b84e30acd515aadc4b783ad4ff83aff3299bdfe0
- name: github.com/magiconair/properties
  version: 7757cc9fdb852f7579b24170bcacda2c7471bb6a
- name: github.com/matttproud/golang_protobuf_extensions
  version: c182affec369e30f25d3eb8cd8a478dee585ae7d
  subpackages:
  - pbutil
- name: github.com/mitchellh/go-homedir
  version: af06845cf3004701891bf4fdb884bfe4920b3727
- name: github.com/mitchellh/mapstructure
  version: 3536a929edddb9a5b34bd6861dc4a9647cb459fe
- name: github.com/pelletier/go-toml
  version: 27c6b39a135b7dc87a14afb068809132fb7a9a8f
- name: github.com/pmezard/go-difflib
  version: 5d4384ee4fb2527b0a1256a821ebfc92f91efefc
  subpackages:
  - difflib
- name: github.com/prometheus/client_golang
  version: 967789050ba94deca04a5e84cce8ad472ce313c1
  subpackages:
  - prometheus
  - prometheus/promhttp
- name: github.com/prometheus/client_model
  version: 56726106282f1985ea77d5305743db7231b0c0a8
  subpackages:
  - go
- name: github.com/prometheus/common
  version: cfeb6f9992ffa54aaa4f2170ade4067ee478b250
  subpackages:
  - expfmt
  - internal/bitbucket.org/ww/goautoneg
  - model
- name: github.com/prometheus/procfs
  version: bf6a532e95b1f7a62adf0ab5050a5bb2237ad2f4
  subpackages:
  - internal/util
  - nfs
  - xfs
- name: github.com/samuel/go-zookeeper
  version: c4fab1ac1bec58281ad0667dc3f0907a9476ac47
  subpackages:
  - zk
- name: github.com/SermoDigital/jose
  version: f6df55f235c24f236d11dbcf665249a59ac2021f
  subpackages:
  - crypto
  - jws
  - jwt
- name: github.com/spaolacci/murmur3
  version: 0d12bf811670bf6a1a63828dfbd003eded177fce
- name: github.com/spf13/afero
  version: a5d6946387efe7d64d09dcba68cdd523dc1273a3
  subpackages:
  - mem
- name: github.com/spf13/cast
  version: 8c9545af88b134710ab1cd196795e7f2388358d7
- name: github.com/spf13/jwalterweatherman
  version: 94f6ae3ed3bceceafa716478c5fbf8d29ca601a1
- name: github.com/spf13/pflag
  version: e57e3eeb33f795204c1ca35f56c44f83227c6e66
- name: github.com/spf13/viper
  version: 25b30aa063fc18e48662b86996252eabdcf2f0c7
- name: github.com/stretchr/objx
  version: ef50b0de28773081167c97fc27cf29a0bf8b8c71
- name: github.com/stretchr/testify
  version: 12b6f73e6084dad08a7c6e575284b177ecafbc71
  subpackages:
  - assert
  - linux
  - mock
  - require
- name: github.com/ugorji/go
  version: 772ced7fd4c2f6322c07537a9a93b68d74551fa6
  subpackages:
  - codec
- name: github.com/VividCortex/gohistogram
  version: 51564d9861991fb0ad0f531c99ef602d0f9866e6
- name: golang.org/x/sys
  version: 302c3dd5f1cc82baae8e44d9c3178e89b6e2b345
  subpackages:
  - unix
- name: golang.org/x/text
  version: e6919f6577db79269a6443b9dc46d18f2238fb5d
  subpackages:
  - transform
  - unicode/norm
- name: gopkg.in/natefinch/lumberjack.v2
  version: a96e63847dc3c67d17befa69c303767e2f84e54f
- name: gopkg.in/yaml.v2
  version: 51d6538a90f86fe93ac480b35f37b2be17fef232
testImports: []
